
Microsoft Visual Studio Solution File, Format Version 12.00
# Visual Studio Version 16
VisualStudioVersion = 16.0.29911.84
MinimumVisualStudioVersion = 10.0.40219.1
Project("{FAE04EC0-301F-11D3-BF4B-00C04F79EFBC}") = "APBDcw4", "APBDcw4\APBDcw4.csproj", "{CBB3E607-C887-4CDE-A49F-FDDCCCAFF999}"
EndProject
Global
	GlobalSection(SolutionConfigurationPlatforms) = preSolution
		Debug|Any CPU = Debug|Any CPU
		Release|Any CPU = Release|Any CPU
	EndGlobalSection
	GlobalSection(ProjectConfigurationPlatforms) = postSolution
		{CBB3E607-C887-4CDE-A49F-FDDCCCAFF999}.Debug|Any CPU.ActiveCfg = Debug|Any CPU
		{CBB3E607-C887-4CDE-A49F-FDDCCCAFF999}.Debug|Any CPU.Build.0 = Debug|Any CPU
		{CBB3E607-C887-4CDE-A49F-FDDCCCAFF999}.Release|Any CPU.ActiveCfg = Release|Any CPU
		{CBB3E607-C887-4CDE-A49F-FDDCCCAFF999}.Release|Any CPU.Build.0 = Release|Any CPU
	EndGlobalSection
	GlobalSection(SolutionProperties) = preSolution
		HideSolutionNode = FALSE
	EndGlobalSection
	GlobalSection(ExtensibilityGlobals) = postSolution
		SolutionGuid = {869B7264-4E92-4250-9413-9CF414F69BBB}
	EndGlobalSection
EndGlobal
